// !$*UTF8*$!
{
	archiveVersion = 1;
	classes = {
	};
	objectVersion = 55;
	objects = {

/* Begin PBXBuildFile section */
		2D04ED259BD1F47ECA35E2FA /* Pods_HW25.framework in Frameworks */ = {isa = PBXBuildFile; fileRef = D4A1AB308177CE594C10C209 /* Pods_HW25.framework */; };
		9DBD4831286D8A3400CA6B6D /* AppDelegate.swift in Sources */ = {isa = PBXBuildFile; fileRef = 9DBD4830286D8A3400CA6B6D /* AppDelegate.swift */; };
		9DBD4835286D8A3400CA6B6D /* ViewController.swift in Sources */ = {isa = PBXBuildFile; fileRef = 9DBD4834286D8A3400CA6B6D /* ViewController.swift */; };
		9DBD483A286D8A3500CA6B6D /* Assets.xcassets in Resources */ = {isa = PBXBuildFile; fileRef = 9DBD4839286D8A3500CA6B6D /* Assets.xcassets */; };
		9DBD483D286D8A3500CA6B6D /* LaunchScreen.storyboard in Resources */ = {isa = PBXBuildFile; fileRef = 9DBD483B286D8A3500CA6B6D /* LaunchScreen.storyboard */; };
		9DBD4845286D95CC00CA6B6D /* MagicModel.swift in Sources */ = {isa = PBXBuildFile; fileRef = 9DBD4844286D95CC00CA6B6D /* MagicModel.swift */; };
		9DBD4849286D97FC00CA6B6D /* MagicTableViewCell.swift in Sources */ = {isa = PBXBuildFile; fileRef = 9DBD4848286D97FC00CA6B6D /* MagicTableViewCell.swift */; };
/* End PBXBuildFile section */

/* Begin PBXFileReference section */
		6248B42D13FE7D972E626C90 /* Pods-HW25.release.xcconfig */ = {isa = PBXFileReference; includeInIndex = 1; lastKnownFileType = text.xcconfig; name = "Pods-HW25.release.xcconfig"; path = "Target Support Files/Pods-HW25/Pods-HW25.release.xcconfig"; sourceTree = "<group>"; };
		9DBD482D286D8A3400CA6B6D /* HW25.app */ = {isa = PBXFileReference; explicitFileType = wrapper.application; includeInIndex = 0; path = HW25.app; sourceTree = BUILT_PRODUCTS_DIR; };
		9DBD4830286D8A3400CA6B6D /* AppDelegate.swift */ = {isa = PBXFileReference; lastKnownFileType = sourcecode.swift; path = AppDelegate.swift; sourceTree = "<group>"; };
		9DBD4834286D8A3400CA6B6D /* ViewController.swift */ = {isa = PBXFileReference; lastKnownFileType = sourcecode.swift; path = ViewController.swift; sourceTree = "<group>"; };
		9DBD4839286D8A3500CA6B6D /* Assets.xcassets */ = {isa = PBXFileReference; lastKnownFileType = folder.assetcatalog; path = Assets.xcassets; sourceTree = "<group>"; };
		9DBD483C286D8A3500CA6B6D /* Base */ = {isa = PBXFileReference; lastKnownFileType = file.storyboard; name = Base; path = Base.lproj/LaunchScreen.storyboard; sourceTree = "<group>"; };
		9DBD483E286D8A3500CA6B6D /* Info.plist */ = {isa = PBXFileReference; lastKnownFileType = text.plist.xml; path = Info.plist; sourceTree = "<group>"; };
		9DBD4844286D95CC00CA6B6D /* MagicModel.swift */ = {isa = PBXFileReference; lastKnownFileType = sourcecode.swift; path = MagicModel.swift; sourceTree = "<group>"; };
		9DBD4848286D97FC00CA6B6D /* MagicTableViewCell.swift */ = {isa = PBXFileReference; lastKnownFileType = sourcecode.swift; path = MagicTableViewCell.swift; sourceTree = "<group>"; };
		CAD40A4DBA2D48F99D9AE8AC /* Pods-HW25.debug.xcconfig */ = {isa = PBXFileReference; includeInIndex = 1; lastKnownFileType = text.xcconfig; name = "Pods-HW25.debug.xcconfig"; path = "Target Support Files/Pods-HW25/Pods-HW25.debug.xcconfig"; sourceTree = "<group>"; };
		D4A1AB308177CE594C10C209 /* Pods_HW25.framework */ = {isa = PBXFileReference; explicitFileType = wrapper.framework; includeInIndex = 0; path = Pods_HW25.framework; sourceTree = BUILT_PRODUCTS_DIR; };
/* End PBXFileReference section */

/* Begin PBXFrameworksBuildPhase section */
		9DBD482A286D8A3400CA6B6D /* Frameworks */ = {
			isa = PBXFrameworksBuildPhase;
			buildActionMask = 2147483647;
			files = (
				2D04ED259BD1F47ECA35E2FA /* Pods_HW25.framework in Frameworks */,
			);
			runOnlyForDeploymentPostprocessing = 0;
		};
/* End PBXFrameworksBuildPhase section */

/* Begin PBXGroup section */
		3DEC8DF199F20D3BF67B53E8 /* Pods */ = {
			isa = PBXGroup;
			children = (
				CAD40A4DBA2D48F99D9AE8AC /* Pods-HW25.debug.xcconfig */,
				6248B42D13FE7D972E626C90 /* Pods-HW25.release.xcconfig */,
			);
			path = Pods;
			sourceTree = "<group>";
		};
		9DBD4824286D8A3400CA6B6D = {
			isa = PBXGroup;
			children = (
				9DBD482F286D8A3400CA6B6D /* HW25 */,
				9DBD482E286D8A3400CA6B6D /* Products */,
				3DEC8DF199F20D3BF67B53E8 /* Pods */,
				A963D2F9F622B2D6B01C1601 /* Frameworks */,
			);
			sourceTree = "<group>";
		};
		9DBD482E286D8A3400CA6B6D /* Products */ = {
			isa = PBXGroup;
			children = (
				9DBD482D286D8A3400CA6B6D /* HW25.app */,
			);
			name = Products;
			sourceTree = "<group>";
		};
		9DBD482F286D8A3400CA6B6D /* HW25 */ = {
			isa = PBXGroup;
			children = (
				9DBD4830286D8A3400CA6B6D /* AppDelegate.swift */,
				9DBD4834286D8A3400CA6B6D /* ViewController.swift */,
				9DBD4844286D95CC00CA6B6D /* MagicModel.swift */,
				9DBD4848286D97FC00CA6B6D /* MagicTableViewCell.swift */,
				9DBD4839286D8A3500CA6B6D /* Assets.xcassets */,
				9DBD483B286D8A3500CA6B6D /* LaunchScreen.storyboard */,
				9DBD483E286D8A3500CA6B6D /* Info.plist */,
			);
			path = HW25;
			sourceTree = "<group>";
		};
		A963D2F9F622B2D6B01C1601 /* Frameworks */ = {
			isa = PBXGroup;
			children = (
				D4A1AB308177CE594C10C209 /* Pods_HW25.framework */,
			);
			name = Frameworks;
			sourceTree = "<group>";
		};
/* End PBXGroup section */

/* Begin PBXNativeTarget section */
		9DBD482C286D8A3400CA6B6D /* HW25 */ = {
			isa = PBXNativeTarget;
			buildConfigurationList = 9DBD4841286D8A3500CA6B6D /* Build configuration list for PBXNativeTarget "HW25" */;
			buildPhases = (
				211E6A7356F6250D5ABDDB5F /* [CP] Check Pods Manifest.lock */,
				9DBD4829286D8A3400CA6B6D /* Sources */,
				9DBD482A286D8A3400CA6B6D /* Frameworks */,
				9DBD482B286D8A3400CA6B6D /* Resources */,
				E89903D16D34D0E84646D82C /* [CP] Embed Pods Frameworks */,
			);
			buildRules = (
			);
			dependencies = (
			);
			name = HW25;
			productName = HW25;
			productReference = 9DBD482D286D8A3400CA6B6D /* HW25.app */;
			productType = "com.apple.product-type.application";
		};
/* End PBXNativeTarget section */

/* Begin PBXProject section */
		9DBD4825286D8A3400CA6B6D /* Project object */ = {
			isa = PBXProject;
			attributes = {
				BuildIndependentTargetsInParallel = 1;
				LastSwiftUpdateCheck = 1340;
				LastUpgradeCheck = 1340;
				TargetAttributes = {
					9DBD482C286D8A3400CA6B6D = {
						CreatedOnToolsVersion = 13.4.1;
					};
				};
			};
			buildConfigurationList = 9DBD4828286D8A3400CA6B6D /* Build configuration list for PBXProject "HW25" */;
			compatibilityVersion = "Xcode 13.0";
			developmentRegion = en;
			hasScannedForEncodings = 0;
			knownRegions = (
				en,
				Base,
			);
			mainGroup = 9DBD4824286D8A3400CA6B6D;
			productRefGroup = 9DBD482E286D8A3400CA6B6D /* Products */;
			projectDirPath = "";
			projectRoot = "";
			targets = (
				9DBD482C286D8A3400CA6B6D /* HW25 */,
			);
		};
/* End PBXProject section */

/* Begin PBXResourcesBuildPhase section */
		9DBD482B286D8A3400CA6B6D /* Resources */ = {
			isa = PBXResourcesBuildPhase;
			buildActionMask = 2147483647;
			files = (
				9DBD483D286D8A3500CA6B6D /* LaunchScreen.storyboard in Resources */,
				9DBD483A286D8A3500CA6B6D /* Assets.xcassets in Resources */,
			);
			runOnlyForDeploymentPostprocessing = 0;
		};
/* End PBXResourcesBuildPhase section */

/* Begin PBXShellScriptBuildPhase section */
		211E6A7356F6250D5ABDDB5F /* [CP] Check Pods Manifest.lock */ = {
			isa = PBXShellScriptBuildPhase;
			buildActionMask = 2147483647;
			files = (
			);
			inputFileListPaths = (
			);
			inputPaths = (
				"${PODS_PODFILE_DIR_PATH}/Podfile.lock",
				"${PODS_ROOT}/Manifest.lock",
			);
			name = "[CP] Check Pods Manifest.lock";
			outputFileListPaths = (
			);
			outputPaths = (
				"$(DERIVED_FILE_DIR)/Pods-HW25-checkManifestLockResult.txt",
			);
			runOnlyForDeploymentPostprocessing = 0;
			shellPath = /bin/sh;
			shellScript = "diff \"${PODS_PODFILE_DIR_PATH}/Podfile.lock\" \"${PODS_ROOT}/Manifest.lock\" > /dev/null\nif [ $? != 0 ] ; then\n    # print error to STDERR\n    echo \"error: The sandbox is not in sync with the Podfile.lock. Run 'pod install' or update your CocoaPods installation.\" >&2\n    exit 1\nfi\n# This output is used by Xcode 'outputs' to avoid re-running this script phase.\necho \"SUCCESS\" > \"${SCRIPT_OUTPUT_FILE_0}\"\n";
			showEnvVarsInLog = 0;
		};
		E89903D16D34D0E84646D82C /* [CP] Embed Pods Frameworks */ = {
			isa = PBXShellScriptBuildPhase;
			buildActionMask = 2147483647;
			files = (
			);
			inputFileListPaths = (
				"${PODS_ROOT}/Target Support Files/Pods-HW25/Pods-HW25-frameworks-${CONFIGURATION}-input-files.xcfilelist",
			);
			name = "[CP] Embed Pods Frameworks";
			outputFileListPaths = (
				"${PODS_ROOT}/Target Support Files/Pods-HW25/Pods-HW25-frameworks-${CONFIGURATION}-output-files.xcfilelist",
			);
			runOnlyForDeploymentPostprocessing = 0;
			shellPath = /bin/sh;
			shellScript = "\"${PODS_ROOT}/Target Support Files/Pods-HW25/Pods-HW25-frameworks.sh\"\n";
			showEnvVarsInLog = 0;
		};
/* End PBXShellScriptBuildPhase section */

/* Begin PBXSourcesBuildPhase section */
		9DBD4829286D8A3400CA6B6D /* Sources */ = {
			isa = PBXSourcesBuildPhase;
			buildActionMask = 2147483647;
			files = (
				9DBD4845286D95CC00CA6B6D /* MagicModel.swift in Sources */,
				9DBD4835286D8A3400CA6B6D /* ViewController.swift in Sources */,
				9DBD4849286D97FC00CA6B6D /* MagicTableViewCell.swift in Sources */,
				9DBD4831286D8A3400CA6B6D /* AppDelegate.swift in Sources */,
			);
			runOnlyForDeploymentPostprocessing = 0;
		};
/* End PBXSourcesBuildPhase section */

/* Begin PBXVariantGroup section */
		9DBD483B286D8A3500CA6B6D /* LaunchScreen.storyboard */ = {
			isa = PBXVariantGroup;
			children = (
				9DBD483C286D8A3500CA6B6D /* Base */,
			);
			name = LaunchScreen.storyboard;
			sourceTree = "<group>";
		};
/* End PBXVariantGroup section */

/* Begin XCBuildConfiguration section */
		9DBD483F286D8A3500CA6B6D /* Debug */ = {
			isa = XCBuildConfiguration;
			buildSettings = {
				ALWAYS_SEARCH_USER_PATHS = NO;
				CLANG_ANALYZER_NONNULL = YES;
				CLANG_ANALYZER_NUMBER_OBJECT_CONVERSION = YES_AGGRESSIVE;
				CLANG_CXX_LANGUAGE_STANDARD = "gnu++17";
				CLANG_ENABLE_MODULES = YES;
				CLANG_ENABLE_OBJC_ARC = YES;
				CLANG_ENABLE_OBJC_WEAK = YES;
				CLANG_WARN_BLOCK_CAPTURE_AUTORELEASING = YES;
				CLANG_WARN_BOOL_CONVERSION = YES;
				CLANG_WARN_COMMA = YES;
				CLANG_WARN_CONSTANT_CONVERSION = YES;
				CLANG_WARN_DEPRECATED_OBJC_IMPLEMENTATIONS = YES;
				CLANG_WARN_DIRECT_OBJC_ISA_USAGE = YES_ERROR;
				CLANG_WARN_DOCUMENTATION_COMMENTS = YES;
				CLANG_WARN_EMPTY_BODY = YES;
				CLANG_WARN_ENUM_CONVERSION = YES;
				CLANG_WARN_INFINITE_RECURSION = YES;
				CLANG_WARN_INT_CONVERSION = YES;
				CLANG_WARN_NON_LITERAL_NULL_CONVERSION = YES;
				CLANG_WARN_OBJC_IMPLICIT_RETAIN_SELF = YES;
				CLANG_WARN_OBJC_LITERAL_CONVERSION = YES;
				CLANG_WARN_OBJC_ROOT_CLASS = YES_ERROR;
				CLANG_WARN_QUOTED_INCLUDE_IN_FRAMEWORK_HEADER = YES;
				CLANG_WARN_RANGE_LOOP_ANALYSIS = YES;
				CLANG_WARN_STRICT_PROTOTYPES = YES;
				CLANG_WARN_SUSPICIOUS_MOVE = YES;
				CLANG_WARN_UNGUARDED_AVAILABILITY = YES_AGGRESSIVE;
				CLANG_WARN_UNREACHABLE_CODE = YES;
				CLANG_WARN__DUPLICATE_METHOD_MATCH = YES;
				COPY_PHASE_STRIP = NO;
				DEBUG_INFORMATION_FORMAT = dwarf;
				ENABLE_STRICT_OBJC_MSGSEND = YES;
				ENABLE_TESTABILITY = YES;
				GCC_C_LANGUAGE_STANDARD = gnu11;
				GCC_DYNAMIC_NO_PIC = NO;
				GCC_NO_COMMON_BLOCKS = YES;
				GCC_OPTIMIZATION_LEVEL = 0;
				GCC_PREPROCESSOR_DEFINITIONS = (
					"DEBUG=1",
					"$(inherited)",
				);
				GCC_WARN_64_TO_32_BIT_CONVERSION = YES;
				GCC_WARN_ABOUT_RETURN_TYPE = YES_ERROR;
				GCC_WARN_UNDECLARED_SELECTOR = YES;
				GCC_WARN_UNINITIALIZED_AUTOS = YES_AGGRESSIVE;
				GCC_WARN_UNUSED_FUNCTION = YES;
				GCC_WARN_UNUSED_VARIABLE = YES;
				IPHONEOS_DEPLOYMENT_TARGET = 15.5;
				MTL_ENABLE_DEBUG_INFO = INCLUDE_SOURCE;
				MTL_FAST_MATH = YES;
				ONLY_ACTIVE_ARCH = YES;
				SDKROOT = iphoneos;
				SWIFT_ACTIVE_COMPILATION_CONDITIONS = DEBUG;
				SWIFT_OPTIMIZATION_LEVEL = "-Onone";
			};
			name = Debug;
		};
		9DBD4840286D8A3500CA6B6D /* Release */ = {
			isa = XCBuildConfiguration;
			buildSettings = {
				ALWAYS_SEARCH_USER_PATHS = NO;
				CLANG_ANALYZER_NONNULL = YES;
				CLANG_ANALYZER_NUMBER_OBJECT_CONVERSION = YES_AGGRESSIVE;
				CLANG_CXX_LANGUAGE_STANDARD = "gnu++17";
				CLANG_ENABLE_MODULES = YES;
				CLANG_ENABLE_OBJC_ARC = YES;
				CLANG_ENABLE_OBJC_WEAK = YES;
				CLANG_WARN_BLOCK_CAPTURE_AUTORELEASING = YES;
				CLANG_WARN_BOOL_CONVERSION = YES;
				CLANG_WARN_COMMA = YES;
				CLANG_WARN_CONSTANT_CONVERSION = YES;
				CLANG_WARN_DEPRECATED_OBJC_IMPLEMENTATIONS = YES;
				CLANG_WARN_DIRECT_OBJC_ISA_USAGE = YES_ERROR;
				CLANG_WARN_DOCUMENTATION_COMMENTS = YES;
				CLANG_WARN_EMPTY_BODY = YES;
				CLANG_WARN_ENUM_CONVERSION = YES;
				CLANG_WARN_INFINITE_RECURSION = YES;
				CLANG_WARN_INT_CONVERSION = YES;
				CLANG_WARN_NON_LITERAL_NULL_CONVERSION = YES;
				CLANG_WARN_OBJC_IMPLICIT_RETAIN_SELF = YES;
				CLANG_WARN_OBJC_LITERAL_CONVERSION = YES;
				CLANG_WARN_OBJC_ROOT_CLASS = YES_ERROR;
				CLANG_WARN_QUOTED_INCLUDE_IN_FRAMEWORK_HEADER = YES;
				CLANG_WARN_RANGE_LOOP_ANALYSIS = YES;
				CLANG_WARN_STRICT_PROTOTYPES = YES;
				CLANG_WARN_SUSPICIOUS_MOVE = YES;
				CLANG_WARN_UNGUARDED_AVAILABILITY = YES_AGGRESSIVE;
				CLANG_WARN_UNREACHABLE_CODE = YES;
				CLANG_WARN__DUPLICATE_METHOD_MATCH = YES;
				COPY_PHASE_STRIP = NO;
				DEBUG_INFORMATION_FORMAT = "dwarf-with-dsym";
				ENABLE_NS_ASSERTIONS = NO;
				ENABLE_STRICT_OBJC_MSGSEND = YES;
				GCC_C_LANGUAGE_STANDARD = gnu11;
				GCC_NO_COMMON_BLOCKS = YES;
				GCC_WARN_64_TO_32_BIT_CONVERSION = YES;
				GCC_WARN_ABOUT_RETURN_TYPE = YES_ERROR;
				GCC_WARN_UNDECLARED_SELECTOR = YES;
				GCC_WARN_UNINITIALIZED_AUTOS = YES_AGGRESSIVE;
				GCC_WARN_UNUSED_FUNCTION = YES;
				GCC_WARN_UNUSED_VARIABLE = YES;
				IPHONEOS_DEPLOYMENT_TARGET = 15.5;
				MTL_ENABLE_DEBUG_INFO = NO;
				MTL_FAST_MATH = YES;
				SDKROOT = iphoneos;
				SWIFT_COMPILATION_MODE = wholemodule;
				SWIFT_OPTIMIZATION_LEVEL = "-O";
				VALIDATE_PRODUCT = YES;
			};
			name = Release;
		};
		9DBD4842286D8A3500CA6B6D /* Debug */ = {
			isa = XCBuildConfiguration;
			baseConfigurationReference = CAD40A4DBA2D48F99D9AE8AC /* Pods-HW25.debug.xcconfig */;
			buildSettings = {
				ASSETCATALOG_COMPILER_APPICON_NAME = AppIcon;
				ASSETCATALOG_COMPILER_GLOBAL_ACCENT_COLOR_NAME = AccentColor;
				CODE_SIGN_STYLE = Automatic;
				CURRENT_PROJECT_VERSION = 1;
				DEVELOPMENT_TEAM = YQXP5HN9PR;
				GENERATE_INFOPLIST_FILE = YES;
				INFOPLIST_FILE = HW25/Info.plist;
				INFOPLIST_KEY_UIApplicationSupportsIndirectInputEvents = YES;
				INFOPLIST_KEY_UILaunchStoryboardName = LaunchScreen;
				INFOPLIST_KEY_UISupportedInterfaceOrientations_iPad = "UIInterfaceOrientationPortrait UIInterfaceOrientationPortraitUpsideDown UIInterfaceOrientationLandscapeLeft UIInterfaceOrientationLandscapeRight";
				INFOPLIST_KEY_UISupportedInterfaceOrientations_iPhone = "UIInterfaceOrientationPortrait UIInterfaceOrientationLandscapeLeft UIInterfaceOrientationLandscapeRight";
				LD_RUNPATH_SEARCH_PATHS = (
					"$(inherited)",
					"@executable_path/Frameworks",
				);
				MARKETING_VERSION = 1.0;
				PRODUCT_BUNDLE_IDENTIFIER = my.com.HW25;
				PRODUCT_NAME = "$(TARGET_NAME)";
				SWIFT_EMIT_LOC_STRINGS = YES;
				SWIFT_VERSION = 5.0;
				TARGETED_DEVICE_FAMILY = "1,2";
			};
			name = Debug;
		};
		9DBD4843286D8A3500CA6B6D /* Release */ = {
			isa = XCBuildConfiguration;
			baseConfigurationReference = 6248B42D13FE7D972E626C90 /* Pods-HW25.release.xcconfig */;
			buildSettings = {
				ASSETCATALOG_COMPILER_APPICON_NAME = AppIcon;
				ASSETCATALOG_COMPILER_GLOBAL_ACCENT_COLOR_NAME = AccentColor;
				CODE_SIGN_STYLE = Automatic;
				CURRENT_PROJECT_VERSION = 1;
				DEVELOPMENT_TEAM = YQXP5HN9PR;
				GENERATE_INFOPLIST_FILE = YES;
				INFOPLIST_FILE = HW25/Info.plist;
				INFOPLIST_KEY_UIApplicationSupportsIndirectInputEvents = YES;
				INFOPLIST_KEY_UILaunchStoryboardName = LaunchScreen;
				INFOPLIST_KEY_UISupportedInterfaceOrientations_iPad = "UIInterfaceOrientationPortrait UIInterfaceOrientationPortraitUpsideDown UIInterfaceOrientationLandscapeLeft UIInterfaceOrientationLandscapeRight";
				INFOPLIST_KEY_UISupportedInterfaceOrientations_iPhone = "UIInterfaceOrientationPortrait UIInterfaceOrientationLandscapeLeft UIInterfaceOrientationLandscapeRight";
				LD_RUNPATH_SEARCH_PATHS = (
					"$(inherited)",
					"@executable_path/Frameworks",
				);
				MARKETING_VERSION = 1.0;
				PRODUCT_BUNDLE_IDENTIFIER = my.com.HW25;
				PRODUCT_NAME = "$(TARGET_NAME)";
				SWIFT_EMIT_LOC_STRINGS = YES;
				SWIFT_VERSION = 5.0;
				TARGETED_DEVICE_FAMILY = "1,2";
			};
			name = Release;
		};
/* End XCBuildConfiguration section */

/* Begin XCConfigurationList section */
		9DBD4828286D8A3400CA6B6D /* Build configuration list for PBXProject "HW25" */ = {
			isa = XCConfigurationList;
			buildConfigurations = (
				9DBD483F286D8A3500CA6B6D /* Debug */,
				9DBD4840286D8A3500CA6B6D /* Release */,
			);
			defaultConfigurationIsVisible = 0;
			defaultConfigurationName = Release;
		};
		9DBD4841286D8A3500CA6B6D /* Build configuration list for PBXNativeTarget "HW25" */ = {
			isa = XCConfigurationList;
			buildConfigurations = (
				9DBD4842286D8A3500CA6B6D /* Debug */,
				9DBD4843286D8A3500CA6B6D /* Release */,
			);
			defaultConfigurationIsVisible = 0;
			defaultConfigurationName = Release;
		};
/* End XCConfigurationList section */
	};
	rootObject = 9DBD4825286D8A3400CA6B6D /* Project object */;
}
